
Microsoft Visual Studio Solution File, Format Version 12.00
# Visual Studio Version 16
VisualStudioVersion = 16.0.32630.194
MinimumVisualStudioVersion = 10.0.40219.1
Project("{FAE04EC0-301F-11D3-BF4B-00C04F79EFBC}") = "Day4prj", "Day4prj\Day4prj.csproj", "{76A975CD-FF51-4438-BAE6-3D10C9F42011}"
EndProject
Global
	GlobalSection(SolutionConfigurationPlatforms) = preSolution
		Debug|Any CPU = Debug|Any CPU
		Release|Any CPU = Release|Any CPU
	EndGlobalSection
	GlobalSection(ProjectConfigurationPlatforms) = postSolution
		{76A975CD-FF51-4438-BAE6-3D10C9F42011}.Debug|Any CPU.ActiveCfg = Debug|Any CPU
		{76A975CD-FF51-4438-BAE6-3D10C9F42011}.Debug|Any CPU.Build.0 = Debug|Any CPU
		{76A975CD-FF51-4438-BAE6-3D10C9F42011}.Release|Any CPU.ActiveCfg = Release|Any CPU
		{76A975CD-FF51-4438-BAE6-3D10C9F42011}.Release|Any CPU.Build.0 = Release|Any CPU
	EndGlobalSection
	GlobalSection(SolutionProperties) = preSolution
		HideSolutionNode = FALSE
	EndGlobalSection
	GlobalSection(ExtensibilityGlobals) = postSolution
		SolutionGuid = {56C2CD06-885E-48A0-A1CE-EA5400078FBE}
	EndGlobalSection
EndGlobal
