
Microsoft Visual Studio Solution File, Format Version 12.00
# Visual Studio Version 16
VisualStudioVersion = 16.0.32630.194
MinimumVisualStudioVersion = 10.0.40219.1
Project("{FAE04EC0-301F-11D3-BF4B-00C04F79EFBC}") = "CachingPrj", "CachingPrj\CachingPrj.csproj", "{0E5432E7-FC52-4287-8B34-8EC9FE3C7210}"
EndProject
Global
	GlobalSection(SolutionConfigurationPlatforms) = preSolution
		Debug|Any CPU = Debug|Any CPU
		Release|Any CPU = Release|Any CPU
	EndGlobalSection
	GlobalSection(ProjectConfigurationPlatforms) = postSolution
		{0E5432E7-FC52-4287-8B34-8EC9FE3C7210}.Debug|Any CPU.ActiveCfg = Debug|Any CPU
		{0E5432E7-FC52-4287-8B34-8EC9FE3C7210}.Debug|Any CPU.Build.0 = Debug|Any CPU
		{0E5432E7-FC52-4287-8B34-8EC9FE3C7210}.Release|Any CPU.ActiveCfg = Release|Any CPU
		{0E5432E7-FC52-4287-8B34-8EC9FE3C7210}.Release|Any CPU.Build.0 = Release|Any CPU
	EndGlobalSection
	GlobalSection(SolutionProperties) = preSolution
		HideSolutionNode = FALSE
	EndGlobalSection
	GlobalSection(ExtensibilityGlobals) = postSolution
		SolutionGuid = {91511E26-1AEF-4239-8F50-1F7001CA673C}
	EndGlobalSection
EndGlobal
