
Microsoft Visual Studio Solution File, Format Version 12.00
# Visual Studio Version 16
VisualStudioVersion = 16.0.32630.194
MinimumVisualStudioVersion = 10.0.40219.1
Project("{FAE04EC0-301F-11D3-BF4B-00C04F79EFBC}") = "Deffered_ImmediateEg", "Deffered_ImmediateEg\Deffered_ImmediateEg.csproj", "{C59B0E53-7AFD-44C6-8D42-962D30291CEB}"
EndProject
Global
	GlobalSection(SolutionConfigurationPlatforms) = preSolution
		Debug|Any CPU = Debug|Any CPU
		Release|Any CPU = Release|Any CPU
	EndGlobalSection
	GlobalSection(ProjectConfigurationPlatforms) = postSolution
		{C59B0E53-7AFD-44C6-8D42-962D30291CEB}.Debug|Any CPU.ActiveCfg = Debug|Any CPU
		{C59B0E53-7AFD-44C6-8D42-962D30291CEB}.Debug|Any CPU.Build.0 = Debug|Any CPU
		{C59B0E53-7AFD-44C6-8D42-962D30291CEB}.Release|Any CPU.ActiveCfg = Release|Any CPU
		{C59B0E53-7AFD-44C6-8D42-962D30291CEB}.Release|Any CPU.Build.0 = Release|Any CPU
	EndGlobalSection
	GlobalSection(SolutionProperties) = preSolution
		HideSolutionNode = FALSE
	EndGlobalSection
	GlobalSection(ExtensibilityGlobals) = postSolution
		SolutionGuid = {8314C36F-0CFB-4F72-9BF1-5F1B73E87D65}
	EndGlobalSection
EndGlobal
